// !$*UTF8*$!
{
	archiveVersion = 1;
	classes = {
	};
	objectVersion = 48;
	objects = {

/* Begin PBXBuildFile section */
		942F6F08204CE2DB00FE3650 /* AppDelegate.swift in Sources */ = {isa = PBXBuildFile; fileRef = 942F6F07204CE2DB00FE3650 /* AppDelegate.swift */; };
		942F6F0A204CE2DB00FE3650 /* ViewController.swift in Sources */ = {isa = PBXBuildFile; fileRef = 942F6F09204CE2DB00FE3650 /* ViewController.swift */; };
		942F6F0D204CE2DB00FE3650 /* Main.storyboard in Resources */ = {isa = PBXBuildFile; fileRef = 942F6F0B204CE2DB00FE3650 /* Main.storyboard */; };
		942F6F0F204CE2DB00FE3650 /* Assets.xcassets in Resources */ = {isa = PBXBuildFile; fileRef = 942F6F0E204CE2DB00FE3650 /* Assets.xcassets */; };
		942F6F12204CE2DB00FE3650 /* LaunchScreen.storyboard in Resources */ = {isa = PBXBuildFile; fileRef = 942F6F10204CE2DB00FE3650 /* LaunchScreen.storyboard */; };
/* End PBXBuildFile section */

/* Begin PBXFileReference section */
		942F6F04204CE2DB00FE3650 /* WKWebViewDemoApp.app */ = {isa = PBXFileReference; explicitFileType = wrapper.application; includeInIndex = 0; path = WKWebViewDemoApp.app; sourceTree = BUILT_PRODUCTS_DIR; };
		942F6F07204CE2DB00FE3650 /* AppDelegate.swift */ = {isa = PBXFileReference; lastKnownFileType = sourcecode.swift; path = AppDelegate.swift; sourceTree = "<group>"; };
		942F6F09204CE2DB00FE3650 /* ViewController.swift */ = {isa = PBXFileReference; lastKnownFileType = sourcecode.swift; path = ViewController.swift; sourceTree = "<group>"; };
		942F6F0C204CE2DB00FE3650 /* Base */ = {isa = PBXFileReference; lastKnownFileType = file.storyboard; name = Base; path = Base.lproj/Main.storyboard; sourceTree = "<group>"; };
		942F6F0E204CE2DB00FE3650 /* Assets.xcassets */ = {isa = PBXFileReference; lastKnownFileType = folder.assetcatalog; path = Assets.xcassets; sourceTree = "<group>"; };
		942F6F11204CE2DB00FE3650 /* Base */ = {isa = PBXFileReference; lastKnownFileType = file.storyboard; name = Base; path = Base.lproj/LaunchScreen.storyboard; sourceTree = "<group>"; };
		942F6F13204CE2DC00FE3650 /* Info.plist */ = {isa = PBXFileReference; lastKnownFileType = text.plist.xml; path = Info.plist; sourceTree = "<group>"; };
/* End PBXFileReference section */

/* Begin PBXFrameworksBuildPhase section */
		942F6F01204CE2DB00FE3650 /* Frameworks */ = {
			isa = PBXFrameworksBuildPhase;
			buildActionMask = 2147483647;
			files = (
			);
			runOnlyForDeploymentPostprocessing = 0;
		};
/* End PBXFrameworksBuildPhase section */

/* Begin PBXGroup section */
		942F6EFB204CE2DB00FE3650 = {
			isa = PBXGroup;
			children = (
				942F6F06204CE2DB00FE3650 /* WKWebViewDemoApp */,
				942F6F05204CE2DB00FE3650 /* Products */,
			);
			sourceTree = "<group>";
		};
		942F6F05204CE2DB00FE3650 /* Products */ = {
			isa = PBXGroup;
			children = (
				942F6F04204CE2DB00FE3650 /* WKWebViewDemoApp.app */,
			);
			name = Products;
			sourceTree = "<group>";
		};
		942F6F06204CE2DB00FE3650 /* WKWebViewDemoApp */ = {
			isa = PBXGroup;
			children = (
				942F6F07204CE2DB00FE3650 /* AppDelegate.swift */,
				942F6F09204CE2DB00FE3650 /* ViewController.swift */,
				942F6F0B204CE2DB00FE3650 /* Main.storyboard */,
				942F6F0E204CE2DB00FE3650 /* Assets.xcassets */,
				942F6F10204CE2DB00FE3650 /* LaunchScreen.storyboard */,
				942F6F13204CE2DC00FE3650 /* Info.plist */,
			);
			path = WKWebViewDemoApp;
			sourceTree = "<group>";
		};
/* End PBXGroup section */

/* Begin PBXNativeTarget section */
		942F6F03204CE2DB00FE3650 /* WKWebViewDemoApp */ = {
			isa = PBXNativeTarget;
			buildConfigurationList = 942F6F16204CE2DC00FE3650 /* Build configuration list for PBXNativeTarget "WKWebViewDemoApp" */;
			buildPhases = (
				942F6F00204CE2DB00FE3650 /* Sources */,
				942F6F01204CE2DB00FE3650 /* Frameworks */,
				942F6F02204CE2DB00FE3650 /* Resources */,
			);
			buildRules = (
			);
			dependencies = (
			);
			name = WKWebViewDemoApp;
			productName = WKWebViewDemoApp;
			productReference = 942F6F04204CE2DB00FE3650 /* WKWebViewDemoApp.app */;
			productType = "com.apple.product-type.application";
		};
/* End PBXNativeTarget section */

/* Begin PBXProject section */
		942F6EFC204CE2DB00FE3650 /* Project object */ = {
			isa = PBXProject;
			attributes = {
				LastSwiftUpdateCheck = 0920;
				LastUpgradeCheck = 0920;
				ORGANIZATIONNAME = "Raymond Kim";
				TargetAttributes = {
					942F6F03204CE2DB00FE3650 = {
						CreatedOnToolsVersion = 9.2;
						ProvisioningStyle = Automatic;
					};
				};
			};
			buildConfigurationList = 942F6EFF204CE2DB00FE3650 /* Build configuration list for PBXProject "WKWebViewDemoApp" */;
			compatibilityVersion = "Xcode 8.0";
			developmentRegion = en;
			hasScannedForEncodings = 0;
			knownRegions = (
				en,
				Base,
			);
			mainGroup = 942F6EFB204CE2DB00FE3650;
			productRefGroup = 942F6F05204CE2DB00FE3650 /* Products */;
			projectDirPath = "";
			projectRoot = "";
			targets = (
				942F6F03204CE2DB00FE3650 /* WKWebViewDemoApp */,
			);
		};
/* End PBXProject section */

/* Begin PBXResourcesBuildPhase section */
		942F6F02204CE2DB00FE3650 /* Resources */ = {
			isa = PBXResourcesBuildPhase;
			buildActionMask = 2147483647;
			files = (
				942F6F12204CE2DB00FE3650 /* LaunchScreen.storyboard in Resources */,
				942F6F0F204CE2DB00FE3650 /* Assets.xcassets in Resources */,
				942F6F0D204CE2DB00FE3650 /* Main.storyboard in Resources */,
			);
			runOnlyForDeploymentPostprocessing = 0;
		};
/* End PBXResourcesBuildPhase section */

/* Begin PBXSourcesBuildPhase section */
		942F6F00204CE2DB00FE3650 /* Sources */ = {
			isa = PBXSourcesBuildPhase;
			buildActionMask = 2147483647;
			files = (
				942F6F0A204CE2DB00FE3650 /* ViewController.swift in Sources */,
				942F6F08204CE2DB00FE3650 /* AppDelegate.swift in Sources */,
			);
			runOnlyForDeploymentPostprocessing = 0;
		};
/* End PBXSourcesBuildPhase section */

/* Begin PBXVariantGroup section */
		942F6F0B204CE2DB00FE3650 /* Main.storyboard */ = {
			isa = PBXVariantGroup;
			children = (
				942F6F0C204CE2DB00FE3650 /* Base */,
			);
			name = Main.storyboard;
			sourceTree = "<group>";
		};
		942F6F10204CE2DB00FE3650 /* LaunchScreen.storyboard */ = {
			isa = PBXVariantGroup;
			children = (
				942F6F11204CE2DB00FE3650 /* Base */,
			);
			name = LaunchScreen.storyboard;
			sourceTree = "<group>";
		};
/* End PBXVariantGroup section */

/* Begin XCBuildConfiguration section */
		942F6F14204CE2DC00FE3650 /* Debug */ = {
			isa = XCBuildConfiguration;
			buildSettings = {
				ALWAYS_SEARCH_USER_PATHS = NO;
				CLANG_ANALYZER_NONNULL = YES;
				CLANG_ANALYZER_NUMBER_OBJECT_CONVERSION = YES_AGGRESSIVE;
				CLANG_CXX_LANGUAGE_STANDARD = "gnu++14";
				CLANG_CXX_LIBRARY = "libc++";
				CLANG_ENABLE_MODULES = YES;
				CLANG_ENABLE_OBJC_ARC = YES;
				CLANG_WARN_BLOCK_CAPTURE_AUTORELEASING = YES;
				CLANG_WARN_BOOL_CONVERSION = YES;
				CLANG_WARN_COMMA = YES;
				CLANG_WARN_CONSTANT_CONVERSION = YES;
				CLANG_WARN_DIRECT_OBJC_ISA_USAGE = YES_ERROR;
				CLANG_WARN_DOCUMENTATION_COMMENTS = YES;
				CLANG_WARN_EMPTY_BODY = YES;
				CLANG_WARN_ENUM_CONVERSION = YES;
				CLANG_WARN_INFINITE_RECURSION = YES;
				CLANG_WARN_INT_CONVERSION = YES;
				CLANG_WARN_NON_LITERAL_NULL_CONVERSION = YES;
				CLANG_WARN_OBJC_LITERAL_CONVERSION = YES;
				CLANG_WARN_OBJC_ROOT_CLASS = YES_ERROR;
				CLANG_WARN_RANGE_LOOP_ANALYSIS = YES;
				CLANG_WARN_STRICT_PROTOTYPES = YES;
				CLANG_WARN_SUSPICIOUS_MOVE = YES;
				CLANG_WARN_UNGUARDED_AVAILABILITY = YES_AGGRESSIVE;
				CLANG_WARN_UNREACHABLE_CODE = YES;
				CLANG_WARN__DUPLICATE_METHOD_MATCH = YES;
				CODE_SIGN_IDENTITY = "iPhone Developer";
				COPY_PHASE_STRIP = NO;
				DEBUG_INFORMATION_FORMAT = dwarf;
				ENABLE_STRICT_OBJC_MSGSEND = YES;
				ENABLE_TESTABILITY = YES;
				GCC_C_LANGUAGE_STANDARD = gnu11;
				GCC_DYNAMIC_NO_PIC = NO;
				GCC_NO_COMMON_BLOCKS = YES;
				GCC_OPTIMIZATION_LEVEL = 0;
				GCC_PREPROCESSOR_DEFINITIONS = (
					"DEBUG=1",
					"$(inherited)",
				);
				GCC_WARN_64_TO_32_BIT_CONVERSION = YES;
				GCC_WARN_ABOUT_RETURN_TYPE = YES_ERROR;
				GCC_WARN_UNDECLARED_SELECTOR = YES;
				GCC_WARN_UNINITIALIZED_AUTOS = YES_AGGRESSIVE;
				GCC_WARN_UNUSED_FUNCTION = YES;
				GCC_WARN_UNUSED_VARIABLE = YES;
				IPHONEOS_DEPLOYMENT_TARGET = 11.2;
				MTL_ENABLE_DEBUG_INFO = YES;
				ONLY_ACTIVE_ARCH = YES;
				SDKROOT = iphoneos;
				SWIFT_ACTIVE_COMPILATION_CONDITIONS = DEBUG;
				SWIFT_OPTIMIZATION_LEVEL = "-Onone";
			};
			name = Debug;
		};
		942F6F15204CE2DC00FE3650 /* Release */ = {
			isa = XCBuildConfiguration;
			buildSettings = {
				ALWAYS_SEARCH_USER_PATHS = NO;
				CLANG_ANALYZER_NONNULL = YES;
				CLANG_ANALYZER_NUMBER_OBJECT_CONVERSION = YES_AGGRESSIVE;
				CLANG_CXX_LANGUAGE_STANDARD = "gnu++14";
				CLANG_CXX_LIBRARY = "libc++";
				CLANG_ENABLE_MODULES = YES;
				CLANG_ENABLE_OBJC_ARC = YES;
				CLANG_WARN_BLOCK_CAPTURE_AUTORELEASING = YES;
				CLANG_WARN_BOOL_CONVERSION = YES;
				CLANG_WARN_COMMA = YES;
				CLANG_WARN_CONSTANT_CONVERSION = YES;
				CLANG_WARN_DIRECT_OBJC_ISA_USAGE = YES_ERROR;
				CLANG_WARN_DOCUMENTATION_COMMENTS = YES;
				CLANG_WARN_EMPTY_BODY = YES;
				CLANG_WARN_ENUM_CONVERSION = YES;
				CLANG_WARN_INFINITE_RECURSION = YES;
				CLANG_WARN_INT_CONVERSION = YES;
				CLANG_WARN_NON_LITERAL_NULL_CONVERSION = YES;
				CLANG_WARN_OBJC_LITERAL_CONVERSION = YES;
				CLANG_WARN_OBJC_ROOT_CLASS = YES_ERROR;
				CLANG_WARN_RANGE_LOOP_ANALYSIS = YES;
				CLANG_WARN_STRICT_PROTOTYPES = YES;
				CLANG_WARN_SUSPICIOUS_MOVE = YES;
				CLANG_WARN_UNGUARDED_AVAILABILITY = YES_AGGRESSIVE;
				CLANG_WARN_UNREACHABLE_CODE = YES;
				CLANG_WARN__DUPLICATE_METHOD_MATCH = YES;
				CODE_SIGN_IDENTITY = "iPhone Developer";
				COPY_PHASE_STRIP = NO;
				DEBUG_INFORMATION_FORMAT = "dwarf-with-dsym";
				ENABLE_NS_ASSERTIONS = NO;
				ENABLE_STRICT_OBJC_MSGSEND = YES;
				GCC_C_LANGUAGE_STANDARD = gnu11;
				GCC_NO_COMMON_BLOCKS = YES;
				GCC_WARN_64_TO_32_BIT_CONVERSION = YES;
				GCC_WARN_ABOUT_RETURN_TYPE = YES_ERROR;
				GCC_WARN_UNDECLARED_SELECTOR = YES;
				GCC_WARN_UNINITIALIZED_AUTOS = YES_AGGRESSIVE;
				GCC_WARN_UNUSED_FUNCTION = YES;
				GCC_WARN_UNUSED_VARIABLE = YES;
				IPHONEOS_DEPLOYMENT_TARGET = 11.2;
				MTL_ENABLE_DEBUG_INFO = NO;
				SDKROOT = iphoneos;
				SWIFT_OPTIMIZATION_LEVEL = "-Owholemodule";
				VALIDATE_PRODUCT = YES;
			};
			name = Release;
		};
		942F6F17204CE2DC00FE3650 /* Debug */ = {
			isa = XCBuildConfiguration;
			buildSettings = {
				ASSETCATALOG_COMPILER_APPICON_NAME = AppIcon;
				CODE_SIGN_STYLE = Automatic;
				DEVELOPMENT_TEAM = 49BZEB79BF;
				INFOPLIST_FILE = WKWebViewDemoApp/Info.plist;
				LD_RUNPATH_SEARCH_PATHS = "$(inherited) @executable_path/Frameworks";
				PRODUCT_BUNDLE_IDENTIFIER = edu.self.WKWebViewDemoApp;
				PRODUCT_NAME = "$(TARGET_NAME)";
				SWIFT_VERSION = 4.0;
				TARGETED_DEVICE_FAMILY = "1,2";
			};
			name = Debug;
		};
		942F6F18204CE2DC00FE3650 /* Release */ = {
			isa = XCBuildConfiguration;
			buildSettings = {
				ASSETCATALOG_COMPILER_APPICON_NAME = AppIcon;
				CODE_SIGN_STYLE = Automatic;
				DEVELOPMENT_TEAM = 49BZEB79BF;
				INFOPLIST_FILE = WKWebViewDemoApp/Info.plist;
				LD_RUNPATH_SEARCH_PATHS = "$(inherited) @executable_path/Frameworks";
				PRODUCT_BUNDLE_IDENTIFIER = edu.self.WKWebViewDemoApp;
				PRODUCT_NAME = "$(TARGET_NAME)";
				SWIFT_VERSION = 4.0;
				TARGETED_DEVICE_FAMILY = "1,2";
			};
			name = Release;
		};
/* End XCBuildConfiguration section */

/* Begin XCConfigurationList section */
		942F6EFF204CE2DB00FE3650 /* Build configuration list for PBXProject "WKWebViewDemoApp" */ = {
			isa = XCConfigurationList;
			buildConfigurations = (
				942F6F14204CE2DC00FE3650 /* Debug */,
				942F6F15204CE2DC00FE3650 /* Release */,
			);
			defaultConfigurationIsVisible = 0;
			defaultConfigurationName = Release;
		};
		942F6F16204CE2DC00FE3650 /* Build configuration list for PBXNativeTarget "WKWebViewDemoApp" */ = {
			isa = XCConfigurationList;
			buildConfigurations = (
				942F6F17204CE2DC00FE3650 /* Debug */,
				942F6F18204CE2DC00FE3650 /* Release */,
			);
			defaultConfigurationIsVisible = 0;
			defaultConfigurationName = Release;
		};
/* End XCConfigurationList section */
	};
	rootObject = 942F6EFC204CE2DB00FE3650 /* Project object */;
}
